Microsoft Visual Studio Solution File, Format Version 12.00
# Visual Studio Version 17
VisualStudioVersion = 17.5.2.0
MinimumVisualStudioVersion = 10.0.40219.1
Project("{FAE04EC0-301F-11D3-BF4B-00C04F79EFBC}") = "MindLinkAPI", "MindLinkAPI\MindLinkAPI.csproj", "{0E9BFB56-E47D-4CDA-9576-BB093748E799}"
EndProject
Global
	GlobalSection(SolutionConfigurationPlatforms) = preSolution
		Debug|Any CPU = Debug|Any CPU
		Release|Any CPU = Release|Any CPU
	EndGlobalSection
	GlobalSection(ProjectConfigurationPlatforms) = postSolution
		{0E9BFB56-E47D-4CDA-9576-BB093748E799}.Debug|Any CPU.ActiveCfg = Debug|Any CPU
		{0E9BFB56-E47D-4CDA-9576-BB093748E799}.Debug|Any CPU.Build.0 = Debug|Any CPU
		{0E9BFB56-E47D-4CDA-9576-BB093748E799}.Release|Any CPU.ActiveCfg = Release|Any CPU
		{0E9BFB56-E47D-4CDA-9576-BB093748E799}.Release|Any CPU.Build.0 = Release|Any CPU
	EndGlobalSection
	GlobalSection(SolutionProperties) = preSolution
		HideSolutionNode = FALSE
	EndGlobalSection
	GlobalSection(ExtensibilityGlobals) = postSolution
		SolutionGuid = {5F63ECE3-BF32-4581-B2A3-E90D4E1E9933}
	EndGlobalSection
EndGlobal
